
Microsoft Visual Studio Solution File, Format Version 12.00
# Visual Studio Version 17
VisualStudioVersion = 17.11.35219.272
MinimumVisualStudioVersion = 10.0.40219.1
Project("{FAE04EC0-301F-11D3-BF4B-00C04F79EFBC}") = "SurveyBasket.API", "SurveyBasket.API\SurveyBasket.API.csproj", "{80FDE60D-F9DC-4F49-9EBB-1D141FFDF8E6}"
EndProject
Global
	GlobalSection(SolutionConfigurationPlatforms) = preSolution
		Debug|Any CPU = Debug|Any CPU
		Release|Any CPU = Release|Any CPU
	EndGlobalSection
	GlobalSection(ProjectConfigurationPlatforms) = postSolution
		{80FDE60D-F9DC-4F49-9EBB-1D141FFDF8E6}.Debug|Any CPU.ActiveCfg = Debug|Any CPU
		{80FDE60D-F9DC-4F49-9EBB-1D141FFDF8E6}.Debug|Any CPU.Build.0 = Debug|Any CPU
		{80FDE60D-F9DC-4F49-9EBB-1D141FFDF8E6}.Release|Any CPU.ActiveCfg = Release|Any CPU
		{80FDE60D-F9DC-4F49-9EBB-1D141FFDF8E6}.Release|Any CPU.Build.0 = Release|Any CPU
	EndGlobalSection
	GlobalSection(SolutionProperties) = preSolution
		HideSolutionNode = FALSE
	EndGlobalSection
	GlobalSection(ExtensibilityGlobals) = postSolution
		SolutionGuid = {B4355203-399D-475B-B921-E05274EAFDB1}
	EndGlobalSection
EndGlobal
